{
  "name": "bootstrap-coding-assignment",
  "version": "1.0.0",
  "lockfileVersion": 1,
  "requires": true,
  "dependencies": {
    "bootstrap": {
      "version": "5.1.1",
      "resolved": "https://registry.npmjs.org/bootstrap/-/bootstrap-5.1.1.tgz",
      "integrity": "sha512-/jUa4sSuDZWlDLQ1gwQQR8uoYSvLJzDd8m5o6bPKh3asLAMYVZKdRCjb1joUd5WXf0WwCNzd2EjwQQhupou0dA=="
    },
    "bootswatch": {
      "version": "5.1.1",
      "resolved": "https://registry.npmjs.org/bootswatch/-/bootswatch-5.1.1.tgz",
      "integrity": "sha512-RL27y1hKIi7y9N+4C1fqQb3po/s3QRMltuGYyX5GMT9RbpTJ6M0658uKOBIHUIigf2BxAlrwzkX0qMA+49bIHA=="
    }
  }
}
